
Microsoft Visual Studio Solution File, Format Version 12.00
# Visual Studio 15
VisualStudioVersion = 15.0.28307.960
MinimumVisualStudioVersion = 10.0.40219.1
Project("{FAE04EC0-301F-11D3-BF4B-00C04F79EFBC}") = "OOP2_Project_BookStore", "OOP2_Project_BookStore\OOP2_Project_BookStore.csproj", "{45639F3C-CF68-4E8E-B63D-EB438DB30F70}"
EndProject
Global
	GlobalSection(SolutionConfigurationPlatforms) = preSolution
		Debug|Any CPU = Debug|Any CPU
		Release|Any CPU = Release|Any CPU
	EndGlobalSection
	GlobalSection(ProjectConfigurationPlatforms) = postSolution
		{45639F3C-CF68-4E8E-B63D-EB438DB30F70}.Debug|Any CPU.ActiveCfg = Debug|Any CPU
		{45639F3C-CF68-4E8E-B63D-EB438DB30F70}.Debug|Any CPU.Build.0 = Debug|Any CPU
		{45639F3C-CF68-4E8E-B63D-EB438DB30F70}.Release|Any CPU.ActiveCfg = Release|Any CPU
		{45639F3C-CF68-4E8E-B63D-EB438DB30F70}.Release|Any CPU.Build.0 = Release|Any CPU
	EndGlobalSection
	GlobalSection(SolutionProperties) = preSolution
		HideSolutionNode = FALSE
	EndGlobalSection
	GlobalSection(ExtensibilityGlobals) = postSolution
		SolutionGuid = {B74E5CC0-B55B-4AE7-8413-6D04C62B8A98}
	EndGlobalSection
EndGlobal
